
Microsoft Visual Studio Solution File, Format Version 12.00
# Visual Studio 15
VisualStudioVersion = 15.0.27004.2010
MinimumVisualStudioVersion = 10.0.40219.1
Project("{9A19103F-16F7-4668-BE54-9A1E7A4F7556}") = "TestCraftParser", "TestCraftParser\TestCraftParser.csproj", "{45083779-CE8C-4294-9B50-DB65A0D9F03A}"
EndProject
Project("{9A19103F-16F7-4668-BE54-9A1E7A4F7556}") = "TestCraftParserLib", "TestCraftParserLib\TestCraftParserLib.csproj", "{0A8A6087-EBD3-4BA7-B2FB-75D1011136CE}"
EndProject
Project("{9A19103F-16F7-4668-BE54-9A1E7A4F7556}") = "TestCraftParserLib.Tests", "TestCraftParserLib.Tests\TestCraftParserLib.Tests.csproj", "{D2A64C36-82AD-420E-B273-C2179D412705}"
EndProject
Global
	GlobalSection(SolutionConfigurationPlatforms) = preSolution
		Debug|Any CPU = Debug|Any CPU
		Release|Any CPU = Release|Any CPU
	EndGlobalSection
	GlobalSection(ProjectConfigurationPlatforms) = postSolution
		{45083779-CE8C-4294-9B50-DB65A0D9F03A}.Debug|Any CPU.ActiveCfg = Debug|Any CPU
		{45083779-CE8C-4294-9B50-DB65A0D9F03A}.Debug|Any CPU.Build.0 = Debug|Any CPU
		{45083779-CE8C-4294-9B50-DB65A0D9F03A}.Release|Any CPU.ActiveCfg = Release|Any CPU
		{45083779-CE8C-4294-9B50-DB65A0D9F03A}.Release|Any CPU.Build.0 = Release|Any CPU
		{0A8A6087-EBD3-4BA7-B2FB-75D1011136CE}.Debug|Any CPU.ActiveCfg = Debug|Any CPU
		{0A8A6087-EBD3-4BA7-B2FB-75D1011136CE}.Debug|Any CPU.Build.0 = Debug|Any CPU
		{0A8A6087-EBD3-4BA7-B2FB-75D1011136CE}.Release|Any CPU.ActiveCfg = Release|Any CPU
		{0A8A6087-EBD3-4BA7-B2FB-75D1011136CE}.Release|Any CPU.Build.0 = Release|Any CPU
		{D2A64C36-82AD-420E-B273-C2179D412705}.Debug|Any CPU.ActiveCfg = Debug|Any CPU
		{D2A64C36-82AD-420E-B273-C2179D412705}.Debug|Any CPU.Build.0 = Debug|Any CPU
		{D2A64C36-82AD-420E-B273-C2179D412705}.Release|Any CPU.ActiveCfg = Release|Any CPU
		{D2A64C36-82AD-420E-B273-C2179D412705}.Release|Any CPU.Build.0 = Release|Any CPU
	EndGlobalSection
	GlobalSection(SolutionProperties) = preSolution
		HideSolutionNode = FALSE
	EndGlobalSection
	GlobalSection(ExtensibilityGlobals) = postSolution
		SolutionGuid = {E346BEF6-4562-4F77-9CC1-040BDC2A95F7}
	EndGlobalSection
EndGlobal
